// !$*UTF8*$!
{
	archiveVersion = 1;
	classes = {
	};
	objectVersion = 46;
	objects = {

/* Begin PBXBuildFile section */
		9205CE291D82951D00CC06F0 /* SAFishbowlScene.sks in Resources */ = {isa = PBXBuildFile; fileRef = 9205CE281D82951D00CC06F0 /* SAFishbowlScene.sks */; };
		9205CE2B1D82953D00CC06F0 /* SAFishbowlScene.swift in Sources */ = {isa = PBXBuildFile; fileRef = 9205CE2A1D82953D00CC06F0 /* SAFishbowlScene.swift */; };
		921D07C41DA2026A00A4FC39 /* laughing.wav in Resources */ = {isa = PBXBuildFile; fileRef = 921D07C31DA2026A00A4FC39 /* laughing.wav */; };
		923912E41D827A5F000FC33C /* SAPuppetScene.sks in Resources */ = {isa = PBXBuildFile; fileRef = 923912E31D827A5F000FC33C /* SAPuppetScene.sks */; };
		923912E61D827A80000FC33C /* SAPuppetScene.swift in Sources */ = {isa = PBXBuildFile; fileRef = 923912E51D827A80000FC33C /* SAPuppetScene.swift */; };
		923912EA1D8283D7000FC33C /* SALivingRoomScene.swift in Sources */ = {isa = PBXBuildFile; fileRef = 923912E91D8283D7000FC33C /* SALivingRoomScene.swift */; };
		923912EC1D828409000FC33C /* SALivingRoomScene.sks in Resources */ = {isa = PBXBuildFile; fileRef = 923912EB1D828409000FC33C /* SALivingRoomScene.sks */; };
		923912EE1D828829000FC33C /* SACarpetScene.sks in Resources */ = {isa = PBXBuildFile; fileRef = 923912ED1D828829000FC33C /* SACarpetScene.sks */; };
		923912F01D8288E1000FC33C /* SACarpetScene.swift in Sources */ = {isa = PBXBuildFile; fileRef = 923912EF1D8288E1000FC33C /* SACarpetScene.swift */; };
		924012A61D8264E5005B4087 /* SASurfScene.sks in Resources */ = {isa = PBXBuildFile; fileRef = 924012A51D8264E5005B4087 /* SASurfScene.sks */; };
		924012A81D8265C6005B4087 /* SASurfScene.swift in Sources */ = {isa = PBXBuildFile; fileRef = 924012A71D8265C6005B4087 /* SASurfScene.swift */; };
		9241096C1D828FB1009523F9 /* SABookScene.swift in Sources */ = {isa = PBXBuildFile; fileRef = 9241096B1D828FB1009523F9 /* SABookScene.swift */; };
		9241096E1D828FF0009523F9 /* SABookScene.sks in Resources */ = {isa = PBXBuildFile; fileRef = 9241096D1D828FF0009523F9 /* SABookScene.sks */; };
		9242DC271DA9D4D100868886 /* SAKissBedScene.swift in Sources */ = {isa = PBXBuildFile; fileRef = 9242DC261DA9D4D100868886 /* SAKissBedScene.swift */; };
		9242DC2A1DA9D56F00868886 /* SAKissBedScene.sks in Resources */ = {isa = PBXBuildFile; fileRef = 9242DC291DA9D56F00868886 /* SAKissBedScene.sks */; };
		9242DC2D1DA9D94D00868886 /* SASwitchScene.sks in Resources */ = {isa = PBXBuildFile; fileRef = 9242DC2C1DA9D94D00868886 /* SASwitchScene.sks */; };
		9242DC2F1DA9DA3000868886 /* SASwitchScene.swift in Sources */ = {isa = PBXBuildFile; fileRef = 9242DC2E1DA9DA3000868886 /* SASwitchScene.swift */; };
		9242DC321DA9DB3E00868886 /* SAMoonSleepScene.swift in Sources */ = {isa = PBXBuildFile; fileRef = 9242DC311DA9DB3E00868886 /* SAMoonSleepScene.swift */; };
		9242DC341DA9DBBA00868886 /* SAMoonSleepScene.sks in Resources */ = {isa = PBXBuildFile; fileRef = 9242DC331DA9DBBA00868886 /* SAMoonSleepScene.sks */; };
		9242DC371DA9E0D500868886 /* SAEndScene.sks in Resources */ = {isa = PBXBuildFile; fileRef = 9242DC361DA9E0D500868886 /* SAEndScene.sks */; };
		9242DC391DA9E0ED00868886 /* SAEndScene.swift in Sources */ = {isa = PBXBuildFile; fileRef = 9242DC381DA9E0ED00868886 /* SAEndScene.swift */; };
		9242DC3B1DA9E1AC00868886 /* dance.wav in Resources */ = {isa = PBXBuildFile; fileRef = 9242DC3A1DA9E1AC00868886 /* dance.wav */; };
		9242DC3D1DAAAAFC00868886 /* SKNode+Aspect.swift in Sources */ = {isa = PBXBuildFile; fileRef = 9242DC3C1DAAAAFC00868886 /* SKNode+Aspect.swift */; };
		9242DC3F1DAAD56A00868886 /* CGFloat+Action.swift in Sources */ = {isa = PBXBuildFile; fileRef = 9242DC3E1DAAD56A00868886 /* CGFloat+Action.swift */; };
		9242DC411DAB18F000868886 /* brush.wav in Resources */ = {isa = PBXBuildFile; fileRef = 9242DC401DAB18F000868886 /* brush.wav */; };
		9242E1B51D80538C0025A172 /* SASheetViewController.swift in Sources */ = {isa = PBXBuildFile; fileRef = 9242E1B41D80538C0025A172 /* SASheetViewController.swift */; };
		924E1CEC1D826EAF00A50AA0 /* SAPortraitScene.swift in Sources */ = {isa = PBXBuildFile; fileRef = 924E1CEB1D826EAF00A50AA0 /* SAPortraitScene.swift */; };
		924E1CF21D826F4600A50AA0 /* SAPortraitScene.sks in Resources */ = {isa = PBXBuildFile; fileRef = 924E1CF11D826F4600A50AA0 /* SAPortraitScene.sks */; };
		924F68B91DA205F900CC8DDD /* tired.wav in Resources */ = {isa = PBXBuildFile; fileRef = 924F68B81DA205F900CC8DDD /* tired.wav */; };
		9262899B1D7F7F4D00F253FF /* AppDelegate.swift in Sources */ = {isa = PBXBuildFile; fileRef = 9262899A1D7F7F4D00F253FF /* AppDelegate.swift */; };
		926289A61D7F7F4D00F253FF /* Assets.xcassets in Resources */ = {isa = PBXBuildFile; fileRef = 926289A51D7F7F4D00F253FF /* Assets.xcassets */; };
		926289A91D7F7F4D00F253FF /* LaunchScreen.storyboard in Resources */ = {isa = PBXBuildFile; fileRef = 926289A71D7F7F4D00F253FF /* LaunchScreen.storyboard */; };
		926289B41D7F7F4D00F253FF /* SiaoApaoTests.swift in Sources */ = {isa = PBXBuildFile; fileRef = 926289B31D7F7F4D00F253FF /* SiaoApaoTests.swift */; };
		926289BF1D7F7F4D00F253FF /* SiaoApaoUITests.swift in Sources */ = {isa = PBXBuildFile; fileRef = 926289BE1D7F7F4D00F253FF /* SiaoApaoUITests.swift */; };
		927AF5B71D98639400BB8212 /* SKAction+Custom.swift in Sources */ = {isa = PBXBuildFile; fileRef = 927AF5B61D98639400BB8212 /* SKAction+Custom.swift */; };
		927AF5BA1D9897DE00BB8212 /* zipper.wav in Resources */ = {isa = PBXBuildFile; fileRef = 927AF5B91D9897DE00BB8212 /* zipper.wav */; };
		927AF5BC1D9897FE00BB8212 /* wave.wav in Resources */ = {isa = PBXBuildFile; fileRef = 927AF5BB1D9897FE00BB8212 /* wave.wav */; };
		927AF5C01D98B6CE00BB8212 /* liquid.wav in Resources */ = {isa = PBXBuildFile; fileRef = 927AF5BF1D98B6CE00BB8212 /* liquid.wav */; };
		927AF5C21D98C18C00BB8212 /* walk.wav in Resources */ = {isa = PBXBuildFile; fileRef = 927AF5C11D98C18C00BB8212 /* walk.wav */; };
		92841DDC1D8F2AC100735AC8 /* SKTexture+Gradient.swift in Sources */ = {isa = PBXBuildFile; fileRef = 92841DDB1D8F2AC100735AC8 /* SKTexture+Gradient.swift */; };
		92841DDE1D8F817A00735AC8 /* SKScene+CommonOperations.swift in Sources */ = {isa = PBXBuildFile; fileRef = 92841DDD1D8F817A00735AC8 /* SKScene+CommonOperations.swift */; };
		928FBF1D1DA774B100664630 /* hey.wav in Resources */ = {isa = PBXBuildFile; fileRef = 928FBF1C1DA774B100664630 /* hey.wav */; };
		928FBF1F1DA77AF900664630 /* pop.wav in Resources */ = {isa = PBXBuildFile; fileRef = 928FBF1E1DA77AF900664630 /* pop.wav */; };
		92CEFE731D825A7500F04105 /* SADayAndNightScene.sks in Resources */ = {isa = PBXBuildFile; fileRef = 92CEFE721D825A7500F04105 /* SADayAndNightScene.sks */; };
		92CEFE751D825A9000F04105 /* SADayAndNightScene.swift in Sources */ = {isa = PBXBuildFile; fileRef = 92CEFE741D825A9000F04105 /* SADayAndNightScene.swift */; };
		F2008F5E1D828D2E0056A22B /* ToothbrushScene.swift in Sources */ = {isa = PBXBuildFile; fileRef = F2008F5D1D828D2E0056A22B /* ToothbrushScene.swift */; };
		F2008F601D828D3B0056A22B /* ToothbrushScene.sks in Resources */ = {isa = PBXBuildFile; fileRef = F2008F5F1D828D3B0056A22B /* ToothbrushScene.sks */; };
		F2008F651D82951D0056A22B /* SABearinBedScene.swift in Sources */ = {isa = PBXBuildFile; fileRef = F2008F641D82951D0056A22B /* SABearinBedScene.swift */; };
		F2008F671D8295380056A22B /* SABearinBedScene.sks in Resources */ = {isa = PBXBuildFile; fileRef = F2008F661D8295380056A22B /* SABearinBedScene.sks */; };
		F220ED691D7F8C6B00D98278 /* Constants.swift in Sources */ = {isa = PBXBuildFile; fileRef = F220ED681D7F8C6B00D98278 /* Constants.swift */; };
		F220ED6D1D7F934E00D98278 /* model.swift in Sources */ = {isa = PBXBuildFile; fileRef = F220ED6C1D7F934E00D98278 /* model.swift */; };
		F220ED6F1D7F935500D98278 /* view.swift in Sources */ = {isa = PBXBuildFile; fileRef = F220ED6E1D7F935500D98278 /* view.swift */; };
		F220ED711D7F936200D98278 /* library.swift in Sources */ = {isa = PBXBuildFile; fileRef = F220ED701D7F936200D98278 /* library.swift */; };
		F220ED731D7F938900D98278 /* helpers.swift in Sources */ = {isa = PBXBuildFile; fileRef = F220ED721D7F938900D98278 /* helpers.swift */; };
		F220ED751D7F939D00D98278 /* asset.swift in Sources */ = {isa = PBXBuildFile; fileRef = F220ED741D7F939D00D98278 /* asset.swift */; };
		F220ED781D7F975600D98278 /* MenuViewController.swift in Sources */ = {isa = PBXBuildFile; fileRef = F220ED761D7F975600D98278 /* MenuViewController.swift */; };
		F220ED791D7F975600D98278 /* MenuViewController.xib in Resources */ = {isa = PBXBuildFile; fileRef = F220ED771D7F975600D98278 /* MenuViewController.xib */; };
		F220ED7F1D7F981700D98278 /* MainViewController.swift in Sources */ = {isa = PBXBuildFile; fileRef = F220ED7D1D7F981700D98278 /* MainViewController.swift */; };
		F220ED801D7F981700D98278 /* MainViewController.xib in Resources */ = {isa = PBXBuildFile; fileRef = F220ED7E1D7F981700D98278 /* MainViewController.xib */; };
		F272BBBD1D82677C003E55D1 /* SASceneGlobes.sks in Resources */ = {isa = PBXBuildFile; fileRef = F272BBBC1D82677C003E55D1 /* SASceneGlobes.sks */; };
		F272BBBF1D8267AC003E55D1 /* SASceneGlobes.swift in Sources */ = {isa = PBXBuildFile; fileRef = F272BBBE1D8267AC003E55D1 /* SASceneGlobes.swift */; };
		F2AA72F21D827F7300C2B314 /* SABaseScene.swift in Sources */ = {isa = PBXBuildFile; fileRef = F2AA72F11D827F7300C2B314 /* SABaseScene.swift */; };
		F2AB0B9B1DA4BDCB00A78260 /* MyriadPro-Black.otf in Resources */ = {isa = PBXBuildFile; fileRef = F2AB0B991DA4BDCB00A78260 /* MyriadPro-Black.otf */; };
		F2AB0B9C1DA4BDCB00A78260 /* MyriadPro-Regular.otf in Resources */ = {isa = PBXBuildFile; fileRef = F2AB0B9A1DA4BDCB00A78260 /* MyriadPro-Regular.otf */; };
		F2B66E951D81227500652249 /* SAMenuGamesViewController.swift in Sources */ = {isa = PBXBuildFile; fileRef = F2B66E931D81227500652249 /* SAMenuGamesViewController.swift */; };
		F2B66E961D81227500652249 /* SAMenuGamesViewController.xib in Resources */ = {isa = PBXBuildFile; fileRef = F2B66E941D81227500652249 /* SAMenuGamesViewController.xib */; };
		F2B66E991D8126AF00652249 /* SALabel.swift in Sources */ = {isa = PBXBuildFile; fileRef = F2B66E981D8126AF00652249 /* SALabel.swift */; };
		F2B66E9B1D812E3B00652249 /* SAMenuGamesFlowController.swift in Sources */ = {isa = PBXBuildFile; fileRef = F2B66E9A1D812E3B00652249 /* SAMenuGamesFlowController.swift */; };
		F2B9F40C1DA6239C00B94545 /* MKOutlinedLabelNode.swift in Sources */ = {isa = PBXBuildFile; fileRef = F2B9F40B1DA6239C00B94545 /* MKOutlinedLabelNode.swift */; };
		F2D601F91D7FE493006B2AE7 /* SAMenuStoriesViewController.swift in Sources */ = {isa = PBXBuildFile; fileRef = F2D601F71D7FE493006B2AE7 /* SAMenuStoriesViewController.swift */; };
		F2D601FA1D7FE493006B2AE7 /* SAMenuStoriesViewController.xib in Resources */ = {isa = PBXBuildFile; fileRef = F2D601F81D7FE493006B2AE7 /* SAMenuStoriesViewController.xib */; };
		F2D601FD1D7FE4F3006B2AE7 /* BaseViewController.swift in Sources */ = {isa = PBXBuildFile; fileRef = F2D601FC1D7FE4F3006B2AE7 /* BaseViewController.swift */; };
		F2D602001D7FE5A2006B2AE7 /* SAMenuCharactersViewController.swift in Sources */ = {isa = PBXBuildFile; fileRef = F2D601FE1D7FE5A2006B2AE7 /* SAMenuCharactersViewController.swift */; };
		F2D602011D7FE5A2006B2AE7 /* SAMenuCharactersViewController.xib in Resources */ = {isa = PBXBuildFile; fileRef = F2D601FF1D7FE5A2006B2AE7 /* SAMenuCharactersViewController.xib */; };
		F2D602041D7FE87D006B2AE7 /* SAMenuFlowController.swift in Sources */ = {isa = PBXBuildFile; fileRef = F2D602031D7FE87D006B2AE7 /* SAMenuFlowController.swift */; };
		F2D602061D7FEA8A006B2AE7 /* SAMenuStoriesFlowController.swift in Sources */ = {isa = PBXBuildFile; fileRef = F2D602051D7FEA8A006B2AE7 /* SAMenuStoriesFlowController.swift */; };
/* End PBXBuildFile section */

/* Begin PBXContainerItemProxy section */
		926289B01D7F7F4D00F253FF /* PBXContainerItemProxy */ = {
			isa = PBXContainerItemProxy;
			containerPortal = 9262898F1D7F7F4C00F253FF /* Project object */;
			proxyType = 1;
			remoteGlobalIDString = 926289961D7F7F4C00F253FF;
			remoteInfo = SiaoApao;
		};
		926289BB1D7F7F4D00F253FF /* PBXContainerItemProxy */ = {
			isa = PBXContainerItemProxy;
			containerPortal = 9262898F1D7F7F4C00F253FF /* Project object */;
			proxyType = 1;
			remoteGlobalIDString = 926289961D7F7F4C00F253FF;
			remoteInfo = SiaoApao;
		};
/* End PBXContainerItemProxy section */

/* Begin PBXFileReference section */
		9205CE281D82951D00CC06F0 /* SAFishbowlScene.sks */ = {isa = PBXFileReference; lastKnownFileType = file.sks; path = SAFishbowlScene.sks; sourceTree = "<group>"; };
		9205CE2A1D82953D00CC06F0 /* SAFishbowlScene.swift */ = {isa = PBXFileReference; fileEncoding = 4; lastKnownFileType = sourcecode.swift; path = SAFishbowlScene.swift; sourceTree = "<group>"; };
		921D07C31DA2026A00A4FC39 /* laughing.wav */ = {isa = PBXFileReference; lastKnownFileType = audio.wav; path = laughing.wav; sourceTree = "<group>"; };
		923912E31D827A5F000FC33C /* SAPuppetScene.sks */ = {isa = PBXFileReference; lastKnownFileType = file.sks; path = SAPuppetScene.sks; sourceTree = "<group>"; };
		923912E51D827A80000FC33C /* SAPuppetScene.swift */ = {isa = PBXFileReference; fileEncoding = 4; lastKnownFileType = sourcecode.swift; path = SAPuppetScene.swift; sourceTree = "<group>"; };
		923912E91D8283D7000FC33C /* SALivingRoomScene.swift */ = {isa = PBXFileReference; fileEncoding = 4; lastKnownFileType = sourcecode.swift; path = SALivingRoomScene.swift; sourceTree = "<group>"; };
		923912EB1D828409000FC33C /* SALivingRoomScene.sks */ = {isa = PBXFileReference; lastKnownFileType = file.sks; path = SALivingRoomScene.sks; sourceTree = "<group>"; };
		923912ED1D828829000FC33C /* SACarpetScene.sks */ = {isa = PBXFileReference; lastKnownFileType = file.sks; path = SACarpetScene.sks; sourceTree = "<group>"; };
		923912EF1D8288E1000FC33C /* SACarpetScene.swift */ = {isa = PBXFileReference; fileEncoding = 4; lastKnownFileType = sourcecode.swift; path = SACarpetScene.swift; sourceTree = "<group>"; };
		924012A51D8264E5005B4087 /* SASurfScene.sks */ = {isa = PBXFileReference; lastKnownFileType = file.sks; path = SASurfScene.sks; sourceTree = "<group>"; };
		924012A71D8265C6005B4087 /* SASurfScene.swift */ = {isa = PBXFileReference; fileEncoding = 4; lastKnownFileType = sourcecode.swift; path = SASurfScene.swift; sourceTree = "<group>"; };
		9241096B1D828FB1009523F9 /* SABookScene.swift */ = {isa = PBXFileReference; fileEncoding = 4; lastKnownFileType = sourcecode.swift; path = SABookScene.swift; sourceTree = "<group>"; };
		9241096D1D828FF0009523F9 /* SABookScene.sks */ = {isa = PBXFileReference; lastKnownFileType = file.sks; path = SABookScene.sks; sourceTree = "<group>"; };
		9242DC261DA9D4D100868886 /* SAKissBedScene.swift */ = {isa = PBXFileReference; fileEncoding = 4; lastKnownFileType = sourcecode.swift; path = SAKissBedScene.swift; sourceTree = "<group>"; };
		9242DC291DA9D56F00868886 /* SAKissBedScene.sks */ = {isa = PBXFileReference; lastKnownFileType = file.sks; path = SAKissBedScene.sks; sourceTree = "<group>"; };
		9242DC2C1DA9D94D00868886 /* SASwitchScene.sks */ = {isa = PBXFileReference; lastKnownFileType = file.sks; path = SASwitchScene.sks; sourceTree = "<group>"; };
		9242DC2E1DA9DA3000868886 /* SASwitchScene.swift */ = {isa = PBXFileReference; fileEncoding = 4; lastKnownFileType = sourcecode.swift; path = SASwitchScene.swift; sourceTree = "<group>"; };
		9242DC311DA9DB3E00868886 /* SAMoonSleepScene.swift */ = {isa = PBXFileReference; fileEncoding = 4; lastKnownFileType = sourcecode.swift; path = SAMoonSleepScene.swift; sourceTree = "<group>"; };
		9242DC331DA9DBBA00868886 /* SAMoonSleepScene.sks */ = {isa = PBXFileReference; lastKnownFileType = file.sks; path = SAMoonSleepScene.sks; sourceTree = "<group>"; };
		9242DC361DA9E0D500868886 /* SAEndScene.sks */ = {isa = PBXFileReference; lastKnownFileType = file.sks; path = SAEndScene.sks; sourceTree = "<group>"; };
		9242DC381DA9E0ED00868886 /* SAEndScene.swift */ = {isa = PBXFileReference; fileEncoding = 4; lastKnownFileType = sourcecode.swift; path = SAEndScene.swift; sourceTree = "<group>"; };
		9242DC3A1DA9E1AC00868886 /* dance.wav */ = {isa = PBXFileReference; lastKnownFileType = audio.wav; path = dance.wav; sourceTree = "<group>"; };
		9242DC3C1DAAAAFC00868886 /* SKNode+Aspect.swift */ = {isa = PBXFileReference; fileEncoding = 4; lastKnownFileType = sourcecode.swift; path = "SKNode+Aspect.swift"; sourceTree = "<group>"; };
		9242DC3E1DAAD56A00868886 /* CGFloat+Action.swift */ = {isa = PBXFileReference; fileEncoding = 4; lastKnownFileType = sourcecode.swift; path = "CGFloat+Action.swift"; sourceTree = "<group>"; };
		9242DC401DAB18F000868886 /* brush.wav */ = {isa = PBXFileReference; lastKnownFileType = audio.wav; path = brush.wav; sourceTree = "<group>"; };
		9242E1B41D80538C0025A172 /* SASheetViewController.swift */ = {isa = PBXFileReference; fileEncoding = 4; lastKnownFileType = sourcecode.swift; path = SASheetViewController.swift; sourceTree = "<group>"; };
		924E1CEB1D826EAF00A50AA0 /* SAPortraitScene.swift */ = {isa = PBXFileReference; fileEncoding = 4; lastKnownFileType = sourcecode.swift; path = SAPortraitScene.swift; sourceTree = "<group>"; };
		924E1CF11D826F4600A50AA0 /* SAPortraitScene.sks */ = {isa = PBXFileReference; lastKnownFileType = file.sks; path = SAPortraitScene.sks; sourceTree = "<group>"; };
		924F68B81DA205F900CC8DDD /* tired.wav */ = {isa = PBXFileReference; lastKnownFileType = audio.wav; path = tired.wav; sourceTree = "<group>"; };
		926289971D7F7F4C00F253FF /* SiaoApao.app */ = {isa = PBXFileReference; explicitFileType = wrapper.application; includeInIndex = 0; path = SiaoApao.app; sourceTree = BUILT_PRODUCTS_DIR; };
		9262899A1D7F7F4D00F253FF /* AppDelegate.swift */ = {isa = PBXFileReference; lastKnownFileType = sourcecode.swift; path = AppDelegate.swift; sourceTree = "<group>"; };
		926289A51D7F7F4D00F253FF /* Assets.xcassets */ = {isa = PBXFileReference; lastKnownFileType = folder.assetcatalog; path = Assets.xcassets; sourceTree = "<group>"; };
		926289A81D7F7F4D00F253FF /* Base */ = {isa = PBXFileReference; lastKnownFileType = file.storyboard; name = Base; path = Base.lproj/LaunchScreen.storyboard; sourceTree = "<group>"; };
		926289AA1D7F7F4D00F253FF /* Info.plist */ = {isa = PBXFileReference; lastKnownFileType = text.plist.xml; path = Info.plist; sourceTree = "<group>"; };
		926289AF1D7F7F4D00F253FF /* SiaoApaoTests.xctest */ = {isa = PBXFileReference; explicitFileType = wrapper.cfbundle; includeInIndex = 0; path = SiaoApaoTests.xctest; sourceTree = BUILT_PRODUCTS_DIR; };
		926289B31D7F7F4D00F253FF /* SiaoApaoTests.swift */ = {isa = PBXFileReference; lastKnownFileType = sourcecode.swift; path = SiaoApaoTests.swift; sourceTree = "<group>"; };
		926289B51D7F7F4D00F253FF /* Info.plist */ = {isa = PBXFileReference; lastKnownFileType = text.plist.xml; path = Info.plist; sourceTree = "<group>"; };
		926289BA1D7F7F4D00F253FF /* SiaoApaoUITests.xctest */ = {isa = PBXFileReference; explicitFileType = wrapper.cfbundle; includeInIndex = 0; path = SiaoApaoUITests.xctest; sourceTree = BUILT_PRODUCTS_DIR; };
		926289BE1D7F7F4D00F253FF /* SiaoApaoUITests.swift */ = {isa = PBXFileReference; lastKnownFileType = sourcecode.swift; path = SiaoApaoUITests.swift; sourceTree = "<group>"; };
		926289C01D7F7F4D00F253FF /* Info.plist */ = {isa = PBXFileReference; lastKnownFileType = text.plist.xml; path = Info.plist; sourceTree = "<group>"; };
		927AF5B61D98639400BB8212 /* SKAction+Custom.swift */ = {isa = PBXFileReference; fileEncoding = 4; lastKnownFileType = sourcecode.swift; path = "SKAction+Custom.swift"; sourceTree = "<group>"; };
		927AF5B91D9897DE00BB8212 /* zipper.wav */ = {isa = PBXFileReference; lastKnownFileType = audio.wav; path = zipper.wav; sourceTree = "<group>"; };
		927AF5BB1D9897FE00BB8212 /* wave.wav */ = {isa = PBXFileReference; lastKnownFileType = audio.wav; path = wave.wav; sourceTree = "<group>"; };
		927AF5BF1D98B6CE00BB8212 /* liquid.wav */ = {isa = PBXFileReference; lastKnownFileType = audio.wav; path = liquid.wav; sourceTree = "<group>"; };
		927AF5C11D98C18C00BB8212 /* walk.wav */ = {isa = PBXFileReference; lastKnownFileType = audio.wav; path = walk.wav; sourceTree = "<group>"; };
		92841DDB1D8F2AC100735AC8 /* SKTexture+Gradient.swift */ = {isa = PBXFileReference; fileEncoding = 4; lastKnownFileType = sourcecode.swift; path = "SKTexture+Gradient.swift"; sourceTree = "<group>"; };
		92841DDD1D8F817A00735AC8 /* SKScene+CommonOperations.swift */ = {isa = PBXFileReference; fileEncoding = 4; lastKnownFileType = sourcecode.swift; path = "SKScene+CommonOperations.swift"; sourceTree = "<group>"; };
		928FBF1C1DA774B100664630 /* hey.wav */ = {isa = PBXFileReference; lastKnownFileType = audio.wav; path = hey.wav; sourceTree = "<group>"; };
		928FBF1E1DA77AF900664630 /* pop.wav */ = {isa = PBXFileReference; lastKnownFileType = audio.wav; path = pop.wav; sourceTree = "<group>"; };
		92CEFE721D825A7500F04105 /* SADayAndNightScene.sks */ = {isa = PBXFileReference; lastKnownFileType = file.sks; path = SADayAndNightScene.sks; sourceTree = "<group>"; };
		92CEFE741D825A9000F04105 /* SADayAndNightScene.swift */ = {isa = PBXFileReference; fileEncoding = 4; lastKnownFileType = sourcecode.swift; path = SADayAndNightScene.swift; sourceTree = "<group>"; };
		F2008F5D1D828D2E0056A22B /* ToothbrushScene.swift */ = {isa = PBXFileReference; fileEncoding = 4; lastKnownFileType = sourcecode.swift; path = ToothbrushScene.swift; sourceTree = "<group>"; };
		F2008F5F1D828D3B0056A22B /* ToothbrushScene.sks */ = {isa = PBXFileReference; lastKnownFileType = file.sks; path = ToothbrushScene.sks; sourceTree = "<group>"; };
		F2008F641D82951D0056A22B /* SABearinBedScene.swift */ = {isa = PBXFileReference; fileEncoding = 4; lastKnownFileType = sourcecode.swift; path = SABearinBedScene.swift; sourceTree = "<group>"; };
		F2008F661D8295380056A22B /* SABearinBedScene.sks */ = {isa = PBXFileReference; lastKnownFileType = file.sks; path = SABearinBedScene.sks; sourceTree = "<group>"; };
		F220ED681D7F8C6B00D98278 /* Constants.swift */ = {isa = PBXFileReference; fileEncoding = 4; lastKnownFileType = sourcecode.swift; name = Constants.swift; path = Source/Constants.swift; sourceTree = "<group>"; };
		F220ED6C1D7F934E00D98278 /* model.swift */ = {isa = PBXFileReference; fileEncoding = 4; lastKnownFileType = sourcecode.swift; path = model.swift; sourceTree = "<group>"; };
		F220ED6E1D7F935500D98278 /* view.swift */ = {isa = PBXFileReference; fileEncoding = 4; lastKnownFileType = sourcecode.swift; path = view.swift; sourceTree = "<group>"; };
		F220ED701D7F936200D98278 /* library.swift */ = {isa = PBXFileReference; fileEncoding = 4; lastKnownFileType = sourcecode.swift; path = library.swift; sourceTree = "<group>"; };
		F220ED721D7F938900D98278 /* helpers.swift */ = {isa = PBXFileReference; fileEncoding = 4; lastKnownFileType = sourcecode.swift; path = helpers.swift; sourceTree = "<group>"; };
		F220ED741D7F939D00D98278 /* asset.swift */ = {isa = PBXFileReference; fileEncoding = 4; lastKnownFileType = sourcecode.swift; path = asset.swift; sourceTree = "<group>"; };
		F220ED761D7F975600D98278 /* MenuViewController.swift */ = {isa = PBXFileReference; fileEncoding = 4; lastKnownFileType = sourcecode.swift; path = MenuViewController.swift; sourceTree = "<group>"; };
		F220ED771D7F975600D98278 /* MenuViewController.xib */ = {isa = PBXFileReference; fileEncoding = 4; lastKnownFileType = file.xib; path = MenuViewController.xib; sourceTree = "<group>"; };
		F220ED7D1D7F981700D98278 /* MainViewController.swift */ = {isa = PBXFileReference; fileEncoding = 4; lastKnownFileType = sourcecode.swift; path = MainViewController.swift; sourceTree = "<group>"; };
		F220ED7E1D7F981700D98278 /* MainViewController.xib */ = {isa = PBXFileReference; fileEncoding = 4; lastKnownFileType = file.xib; path = MainViewController.xib; sourceTree = "<group>"; };
		F272BBBC1D82677C003E55D1 /* SASceneGlobes.sks */ = {isa = PBXFileReference; lastKnownFileType = file.sks; path = SASceneGlobes.sks; sourceTree = "<group>"; };
		F272BBBE1D8267AC003E55D1 /* SASceneGlobes.swift */ = {isa = PBXFileReference; fileEncoding = 4; lastKnownFileType = sourcecode.swift; path = SASceneGlobes.swift; sourceTree = "<group>"; };
		F2AA72F11D827F7300C2B314 /* SABaseScene.swift */ = {isa = PBXFileReference; fileEncoding = 4; lastKnownFileType = sourcecode.swift; path = SABaseScene.swift; sourceTree = "<group>"; };
		F2AB0B991DA4BDCB00A78260 /* MyriadPro-Black.otf */ = {isa = PBXFileReference; lastKnownFileType = file; path = "MyriadPro-Black.otf"; sourceTree = "<group>"; };
		F2AB0B9A1DA4BDCB00A78260 /* MyriadPro-Regular.otf */ = {isa = PBXFileReference; lastKnownFileType = file; path = "MyriadPro-Regular.otf"; sourceTree = "<group>"; };
		F2B66E931D81227500652249 /* SAMenuGamesViewController.swift */ = {isa = PBXFileReference; fileEncoding = 4; lastKnownFileType = sourcecode.swift; path = SAMenuGamesViewController.swift; sourceTree = "<group>"; };
		F2B66E941D81227500652249 /* SAMenuGamesViewController.xib */ = {isa = PBXFileReference; fileEncoding = 4; lastKnownFileType = file.xib; path = SAMenuGamesViewController.xib; sourceTree = "<group>"; };
		F2B66E981D8126AF00652249 /* SALabel.swift */ = {isa = PBXFileReference; fileEncoding = 4; lastKnownFileType = sourcecode.swift; path = SALabel.swift; sourceTree = "<group>"; };
		F2B66E9A1D812E3B00652249 /* SAMenuGamesFlowController.swift */ = {isa = PBXFileReference; fileEncoding = 4; lastKnownFileType = sourcecode.swift; path = SAMenuGamesFlowController.swift; sourceTree = "<group>"; };
		F2B9F4081DA614C400B94545 /* MyriadPro-Bold.otf */ = {isa = PBXFileReference; lastKnownFileType = file; path = "MyriadPro-Bold.otf"; sourceTree = "<group>"; };
		F2B9F40B1DA6239C00B94545 /* MKOutlinedLabelNode.swift */ = {isa = PBXFileReference; fileEncoding = 4; lastKnownFileType = sourcecode.swift; path = MKOutlinedLabelNode.swift; sourceTree = "<group>"; };
		F2D601F71D7FE493006B2AE7 /* SAMenuStoriesViewController.swift */ = {isa = PBXFileReference; fileEncoding = 4; lastKnownFileType = sourcecode.swift; path = SAMenuStoriesViewController.swift; sourceTree = "<group>"; };
		F2D601F81D7FE493006B2AE7 /* SAMenuStoriesViewController.xib */ = {isa = PBXFileReference; fileEncoding = 4; lastKnownFileType = file.xib; path = SAMenuStoriesViewController.xib; sourceTree = "<group>"; };
		F2D601FC1D7FE4F3006B2AE7 /* BaseViewController.swift */ = {isa = PBXFileReference; fileEncoding = 4; lastKnownFileType = sourcecode.swift; name = BaseViewController.swift; path = Controllers/BaseViewController.swift; sourceTree = "<group>"; };
		F2D601FE1D7FE5A2006B2AE7 /* SAMenuCharactersViewController.swift */ = {isa = PBXFileReference; fileEncoding = 4; lastKnownFileType = sourcecode.swift; path = SAMenuCharactersViewController.swift; sourceTree = "<group>"; };
		F2D601FF1D7FE5A2006B2AE7 /* SAMenuCharactersViewController.xib */ = {isa = PBXFileReference; fileEncoding = 4; lastKnownFileType = file.xib; path = SAMenuCharactersViewController.xib; sourceTree = "<group>"; };
		F2D602031D7FE87D006B2AE7 /* SAMenuFlowController.swift */ = {isa = PBXFileReference; fileEncoding = 4; lastKnownFileType = sourcecode.swift; path = SAMenuFlowController.swift; sourceTree = "<group>"; };
		F2D602051D7FEA8A006B2AE7 /* SAMenuStoriesFlowController.swift */ = {isa = PBXFileReference; fileEncoding = 4; lastKnownFileType = sourcecode.swift; path = SAMenuStoriesFlowController.swift; sourceTree = "<group>"; };
/* End PBXFileReference section */

/* Begin PBXFrameworksBuildPhase section */
		926289941D7F7F4C00F253FF /* Frameworks */ = {
			isa = PBXFrameworksBuildPhase;
			buildActionMask = 2147483647;
			files = (
			);
			runOnlyForDeploymentPostprocessing = 0;
		};
		926289AC1D7F7F4D00F253FF /* Frameworks */ = {
			isa = PBXFrameworksBuildPhase;
			buildActionMask = 2147483647;
			files = (
			);
			runOnlyForDeploymentPostprocessing = 0;
		};
		926289B71D7F7F4D00F253FF /* Frameworks */ = {
			isa = PBXFrameworksBuildPhase;
			buildActionMask = 2147483647;
			files = (
			);
			runOnlyForDeploymentPostprocessing = 0;
		};
/* End PBXFrameworksBuildPhase section */

/* Begin PBXGroup section */
		9205CE271D82946300CC06F0 /* Fishbowl */ = {
			isa = PBXGroup;
			children = (
				9205CE281D82951D00CC06F0 /* SAFishbowlScene.sks */,
				9205CE2A1D82953D00CC06F0 /* SAFishbowlScene.swift */,
			);
			name = Fishbowl;
			sourceTree = "<group>";
		};
		923912E21D8279F5000FC33C /* Puppet */ = {
			isa = PBXGroup;
			children = (
				923912E51D827A80000FC33C /* SAPuppetScene.swift */,
				923912E31D827A5F000FC33C /* SAPuppetScene.sks */,
			);
			name = Puppet;
			sourceTree = "<group>";
		};
		923912E71D8281DD000FC33C /* Carpet */ = {
			isa = PBXGroup;
			children = (
				923912EF1D8288E1000FC33C /* SACarpetScene.swift */,
				923912ED1D828829000FC33C /* SACarpetScene.sks */,
			);
			name = Carpet;
			sourceTree = "<group>";
		};
		923912E81D8283B5000FC33C /* LivingRoom */ = {
			isa = PBXGroup;
			children = (
				923912E91D8283D7000FC33C /* SALivingRoomScene.swift */,
				923912EB1D828409000FC33C /* SALivingRoomScene.sks */,
			);
			name = LivingRoom;
			sourceTree = "<group>";
		};
		924012A41D8264AA005B4087 /* Surf */ = {
			isa = PBXGroup;
			children = (
				924012A71D8265C6005B4087 /* SASurfScene.swift */,
				924012A51D8264E5005B4087 /* SASurfScene.sks */,
			);
			name = Surf;
			sourceTree = "<group>";
		};
		9241096A1D828D85009523F9 /* Book */ = {
			isa = PBXGroup;
			children = (
				9241096B1D828FB1009523F9 /* SABookScene.swift */,
				9241096D1D828FF0009523F9 /* SABookScene.sks */,
			);
			name = Book;
			sourceTree = "<group>";
		};
		9242DC241DA9D42100868886 /* BearinBedScene */ = {
			isa = PBXGroup;
			children = (
				F2008F661D8295380056A22B /* SABearinBedScene.sks */,
				F2008F641D82951D0056A22B /* SABearinBedScene.swift */,
			);
			name = BearinBedScene;
			sourceTree = "<group>";
		};
		9242DC251DA9D44500868886 /* Kiss */ = {
			isa = PBXGroup;
			children = (
				9242DC261DA9D4D100868886 /* SAKissBedScene.swift */,
				9242DC291DA9D56F00868886 /* SAKissBedScene.sks */,
			);
			name = Kiss;
			sourceTree = "<group>";
		};
		9242DC2B1DA9D89200868886 /* Switch */ = {
			isa = PBXGroup;
			children = (
				9242DC2E1DA9DA3000868886 /* SASwitchScene.swift */,
				9242DC2C1DA9D94D00868886 /* SASwitchScene.sks */,
			);
			name = Switch;
			sourceTree = "<group>";
		};
		9242DC301DA9DA8800868886 /* MoonSleep */ = {
			isa = PBXGroup;
			children = (
				9242DC311DA9DB3E00868886 /* SAMoonSleepScene.swift */,
				9242DC331DA9DBBA00868886 /* SAMoonSleepScene.sks */,
			);
			name = MoonSleep;
			sourceTree = "<group>";
		};
		9242DC351DA9DFA600868886 /* End */ = {
			isa = PBXGroup;
			children = (
				9242DC381DA9E0ED00868886 /* SAEndScene.swift */,
				9242DC361DA9E0D500868886 /* SAEndScene.sks */,
			);
			name = End;
			sourceTree = "<group>";
		};
		9242E1B31D8053370025A172 /* Sheet */ = {
			isa = PBXGroup;
			children = (
				9242E1B41D80538C0025A172 /* SASheetViewController.swift */,
			);
			name = Sheet;
			sourceTree = "<group>";
		};
		924E1CEA1D826E7600A50AA0 /* Portrait */ = {
			isa = PBXGroup;
			children = (
				924E1CEB1D826EAF00A50AA0 /* SAPortraitScene.swift */,
				924E1CF11D826F4600A50AA0 /* SAPortraitScene.sks */,
			);
			name = Portrait;
			sourceTree = "<group>";
		};
		9262898E1D7F7F4C00F253FF = {
			isa = PBXGroup;
			children = (
				926289991D7F7F4D00F253FF /* SiaoApao */,
				926289B21D7F7F4D00F253FF /* SiaoApaoTests */,
				926289BD1D7F7F4D00F253FF /* SiaoApaoUITests */,
				926289981D7F7F4C00F253FF /* Products */,
			);
			sourceTree = "<group>";
		};
		926289981D7F7F4C00F253FF /* Products */ = {
			isa = PBXGroup;
			children = (
				926289971D7F7F4C00F253FF /* SiaoApao.app */,
				926289AF1D7F7F4D00F253FF /* SiaoApaoTests.xctest */,
				926289BA1D7F7F4D00F253FF /* SiaoApaoUITests.xctest */,
			);
			name = Products;
			sourceTree = "<group>";
		};
		926289991D7F7F4D00F253FF /* SiaoApao */ = {
			isa = PBXGroup;
			children = (
				927AF5B81D9897DE00BB8212 /* Sounds */,
				9262899A1D7F7F4D00F253FF /* AppDelegate.swift */,
				F220ED681D7F8C6B00D98278 /* Constants.swift */,
				F220ED611D7F8C4B00D98278 /* Assets */,
				F220ED621D7F8C4B00D98278 /* Helpers */,
				F220ED631D7F8C4B00D98278 /* Libraries */,
				F2D601F41D7FD3E4006B2AE7 /* Managers */,
				F220ED641D7F8C4B00D98278 /* Project Classes */,
				926289A51D7F7F4D00F253FF /* Assets.xcassets */,
				926289A71D7F7F4D00F253FF /* LaunchScreen.storyboard */,
				926289AA1D7F7F4D00F253FF /* Info.plist */,
			);
			path = SiaoApao;
			sourceTree = "<group>";
		};
		926289B21D7F7F4D00F253FF /* SiaoApaoTests */ = {
			isa = PBXGroup;
			children = (
				926289B31D7F7F4D00F253FF /* SiaoApaoTests.swift */,
				926289B51D7F7F4D00F253FF /* Info.plist */,
			);
			path = SiaoApaoTests;
			sourceTree = "<group>";
		};
		926289BD1D7F7F4D00F253FF /* SiaoApaoUITests */ = {
			isa = PBXGroup;
			children = (
				926289BE1D7F7F4D00F253FF /* SiaoApaoUITests.swift */,
				926289C01D7F7F4D00F253FF /* Info.plist */,
			);
			path = SiaoApaoUITests;
			sourceTree = "<group>";
		};
		927AF5B81D9897DE00BB8212 /* Sounds */ = {
			isa = PBXGroup;
			children = (
				9242DC401DAB18F000868886 /* brush.wav */,
				9242DC3A1DA9E1AC00868886 /* dance.wav */,
				928FBF1E1DA77AF900664630 /* pop.wav */,
				928FBF1C1DA774B100664630 /* hey.wav */,
				924F68B81DA205F900CC8DDD /* tired.wav */,
				921D07C31DA2026A00A4FC39 /* laughing.wav */,
				927AF5C11D98C18C00BB8212 /* walk.wav */,
				927AF5BF1D98B6CE00BB8212 /* liquid.wav */,
				927AF5BB1D9897FE00BB8212 /* wave.wav */,
				927AF5B91D9897DE00BB8212 /* zipper.wav */,
			);
			name = Sounds;
			path = Source/Sounds;
			sourceTree = "<group>";
		};
		92841DDA1D8F282E00735AC8 /* Extensions */ = {
			isa = PBXGroup;
			children = (
				92841DDB1D8F2AC100735AC8 /* SKTexture+Gradient.swift */,
				92841DDD1D8F817A00735AC8 /* SKScene+CommonOperations.swift */,
				927AF5B61D98639400BB8212 /* SKAction+Custom.swift */,
				9242DC3C1DAAAAFC00868886 /* SKNode+Aspect.swift */,
				9242DC3E1DAAD56A00868886 /* CGFloat+Action.swift */,
			);
			name = Extensions;
			sourceTree = "<group>";
		};
		92CEFE701D825A1F00F04105 /* Scenes */ = {
			isa = PBXGroup;
			children = (
				F2AA72F11D827F7300C2B314 /* SABaseScene.swift */,
				92CEFE711D825A3B00F04105 /* DayAndNight */,
				F272BBC01D8267B4003E55D1 /* Globes */,
				924012A41D8264AA005B4087 /* Surf */,
				924E1CEA1D826E7600A50AA0 /* Portrait */,
				923912E21D8279F5000FC33C /* Puppet */,
				923912E81D8283B5000FC33C /* LivingRoom */,
				923912E71D8281DD000FC33C /* Carpet */,
				9241096A1D828D85009523F9 /* Book */,
				9205CE271D82946300CC06F0 /* Fishbowl */,
				F2008F611D828D410056A22B /* ToothbrushScene */,
				9242DC241DA9D42100868886 /* BearinBedScene */,
				9242DC251DA9D44500868886 /* Kiss */,
				9242DC2B1DA9D89200868886 /* Switch */,
				9242DC301DA9DA8800868886 /* MoonSleep */,
				9242DC351DA9DFA600868886 /* End */,
			);
			path = Scenes;
			sourceTree = "<group>";
		};
		92CEFE711D825A3B00F04105 /* DayAndNight */ = {
			isa = PBXGroup;
			children = (
				92CEFE741D825A9000F04105 /* SADayAndNightScene.swift */,
				92CEFE721D825A7500F04105 /* SADayAndNightScene.sks */,
			);
			name = DayAndNight;
			sourceTree = "<group>";
		};
		F2008F611D828D410056A22B /* ToothbrushScene */ = {
			isa = PBXGroup;
			children = (
				F2008F5F1D828D3B0056A22B /* ToothbrushScene.sks */,
				F2008F5D1D828D2E0056A22B /* ToothbrushScene.swift */,
			);
			name = ToothbrushScene;
			sourceTree = "<group>";
		};
		F220ED611D7F8C4B00D98278 /* Assets */ = {
			isa = PBXGroup;
			children = (
				F2AB0B971DA4BDCB00A78260 /* Fonts */,
				F220ED741D7F939D00D98278 /* asset.swift */,
			);
			name = Assets;
			path = Source/Assets;
			sourceTree = "<group>";
		};
		F220ED621D7F8C4B00D98278 /* Helpers */ = {
			isa = PBXGroup;
			children = (
				92841DDA1D8F282E00735AC8 /* Extensions */,
				F220ED721D7F938900D98278 /* helpers.swift */,
			);
			name = Helpers;
			path = Source/Helpers;
			sourceTree = "<group>";
		};
		F220ED631D7F8C4B00D98278 /* Libraries */ = {
			isa = PBXGroup;
			children = (
				F2B9F40B1DA6239C00B94545 /* MKOutlinedLabelNode.swift */,
				F220ED701D7F936200D98278 /* library.swift */,
			);
			name = Libraries;
			path = Source/Libraries;
			sourceTree = "<group>";
		};
		F220ED641D7F8C4B00D98278 /* Project Classes */ = {
			isa = PBXGroup;
			children = (
				F2D601FC1D7FE4F3006B2AE7 /* BaseViewController.swift */,
				92CEFE701D825A1F00F04105 /* Scenes */,
				F220ED651D7F8C4B00D98278 /* Controllers */,
				F220ED661D7F8C4B00D98278 /* Models */,
				F220ED671D7F8C4B00D98278 /* Views */,
			);
			name = "Project Classes";
			path = "Source/Project Classes";
			sourceTree = "<group>";
		};
		F220ED651D7F8C4B00D98278 /* Controllers */ = {
			isa = PBXGroup;
			children = (
				F220ED811D7F981C00D98278 /* MainViewController */,
				F220ED7A1D7F979700D98278 /* MenuController */,
				F2D601FB1D7FE498006B2AE7 /* MenuStories */,
				F2D602021D7FE5AA006B2AE7 /* MenuCharacters */,
				F2B66E971D81227900652249 /* MenuGames */,
				9242E1B31D8053370025A172 /* Sheet */,
			);
			path = Controllers;
			sourceTree = "<group>";
		};
		F220ED661D7F8C4B00D98278 /* Models */ = {
			isa = PBXGroup;
			children = (
				F220ED6C1D7F934E00D98278 /* model.swift */,
			);
			path = Models;
			sourceTree = "<group>";
		};
		F220ED671D7F8C4B00D98278 /* Views */ = {
			isa = PBXGroup;
			children = (
				F220ED6E1D7F935500D98278 /* view.swift */,
				F2B66E981D8126AF00652249 /* SALabel.swift */,
			);
			path = Views;
			sourceTree = "<group>";
		};
		F220ED7A1D7F979700D98278 /* MenuController */ = {
			isa = PBXGroup;
			children = (
				F220ED761D7F975600D98278 /* MenuViewController.swift */,
				F220ED771D7F975600D98278 /* MenuViewController.xib */,
			);
			name = MenuController;
			sourceTree = "<group>";
		};
		F220ED811D7F981C00D98278 /* MainViewController */ = {
			isa = PBXGroup;
			children = (
				F220ED7D1D7F981700D98278 /* MainViewController.swift */,
				F220ED7E1D7F981700D98278 /* MainViewController.xib */,
			);
			name = MainViewController;
			sourceTree = "<group>";
		};
		F272BBC01D8267B4003E55D1 /* Globes */ = {
			isa = PBXGroup;
			children = (
				F272BBBE1D8267AC003E55D1 /* SASceneGlobes.swift */,
				F272BBBC1D82677C003E55D1 /* SASceneGlobes.sks */,
			);
			name = Globes;
			sourceTree = "<group>";
		};
		F2AB0B971DA4BDCB00A78260 /* Fonts */ = {
			isa = PBXGroup;
			children = (
				F2AB0B981DA4BDCB00A78260 /* MyriadPro */,
			);
			path = Fonts;
			sourceTree = "<group>";
		};
		F2AB0B981DA4BDCB00A78260 /* MyriadPro */ = {
			isa = PBXGroup;
			children = (
				F2B9F4081DA614C400B94545 /* MyriadPro-Bold.otf */,
				F2AB0B991DA4BDCB00A78260 /* MyriadPro-Black.otf */,
				F2AB0B9A1DA4BDCB00A78260 /* MyriadPro-Regular.otf */,
			);
			path = MyriadPro;
			sourceTree = "<group>";
		};
		F2B66E971D81227900652249 /* MenuGames */ = {
			isa = PBXGroup;
			children = (
				F2B66E931D81227500652249 /* SAMenuGamesViewController.swift */,
				F2B66E941D81227500652249 /* SAMenuGamesViewController.xib */,
			);
			name = MenuGames;
			sourceTree = "<group>";
		};
		F2D601F41D7FD3E4006B2AE7 /* Managers */ = {
			isa = PBXGroup;
			children = (
				F2D602031D7FE87D006B2AE7 /* SAMenuFlowController.swift */,
				F2D602051D7FEA8A006B2AE7 /* SAMenuStoriesFlowController.swift */,
				F2B66E9A1D812E3B00652249 /* SAMenuGamesFlowController.swift */,
			);
			name = Managers;
			path = Source/Managers;
			sourceTree = "<group>";
		};
		F2D601FB1D7FE498006B2AE7 /* MenuStories */ = {
			isa = PBXGroup;
			children = (
				F2D601F71D7FE493006B2AE7 /* SAMenuStoriesViewController.swift */,
				F2D601F81D7FE493006B2AE7 /* SAMenuStoriesViewController.xib */,
			);
			name = MenuStories;
			sourceTree = "<group>";
		};
		F2D602021D7FE5AA006B2AE7 /* MenuCharacters */ = {
			isa = PBXGroup;
			children = (
				F2D601FE1D7FE5A2006B2AE7 /* SAMenuCharactersViewController.swift */,
				F2D601FF1D7FE5A2006B2AE7 /* SAMenuCharactersViewController.xib */,
			);
			name = MenuCharacters;
			sourceTree = "<group>";
		};
/* End PBXGroup section */

/* Begin PBXNativeTarget section */
		926289961D7F7F4C00F253FF /* SiaoApao */ = {
			isa = PBXNativeTarget;
			buildConfigurationList = 926289C31D7F7F4D00F253FF /* Build configuration list for PBXNativeTarget "SiaoApao" */;
			buildPhases = (
				926289931D7F7F4C00F253FF /* Sources */,
				926289941D7F7F4C00F253FF /* Frameworks */,
				926289951D7F7F4C00F253FF /* Resources */,
			);
			buildRules = (
			);
			dependencies = (
			);
			name = SiaoApao;
			productName = SiaoApao;
			productReference = 926289971D7F7F4C00F253FF /* SiaoApao.app */;
			productType = "com.apple.product-type.application";
		};
		926289AE1D7F7F4D00F253FF /* SiaoApaoTests */ = {
			isa = PBXNativeTarget;
			buildConfigurationList = 926289C61D7F7F4D00F253FF /* Build configuration list for PBXNativeTarget "SiaoApaoTests" */;
			buildPhases = (
				926289AB1D7F7F4D00F253FF /* Sources */,
				926289AC1D7F7F4D00F253FF /* Frameworks */,
				926289AD1D7F7F4D00F253FF /* Resources */,
			);
			buildRules = (
			);
			dependencies = (
				926289B11D7F7F4D00F253FF /* PBXTargetDependency */,
			);
			name = SiaoApaoTests;
			productName = SiaoApaoTests;
			productReference = 926289AF1D7F7F4D00F253FF /* SiaoApaoTests.xctest */;
			productType = "com.apple.product-type.bundle.unit-test";
		};
		926289B91D7F7F4D00F253FF /* SiaoApaoUITests */ = {
			isa = PBXNativeTarget;
			buildConfigurationList = 926289C91D7F7F4D00F253FF /* Build configuration list for PBXNativeTarget "SiaoApaoUITests" */;
			buildPhases = (
				926289B61D7F7F4D00F253FF /* Sources */,
				926289B71D7F7F4D00F253FF /* Frameworks */,
				926289B81D7F7F4D00F253FF /* Resources */,
			);
			buildRules = (
			);
			dependencies = (
				926289BC1D7F7F4D00F253FF /* PBXTargetDependency */,
			);
			name = SiaoApaoUITests;
			productName = SiaoApaoUITests;
			productReference = 926289BA1D7F7F4D00F253FF /* SiaoApaoUITests.xctest */;
			productType = "com.apple.product-type.bundle.ui-testing";
		};
/* End PBXNativeTarget section */

/* Begin PBXProject section */
		9262898F1D7F7F4C00F253FF /* Project object */ = {
			isa = PBXProject;
			attributes = {
				LastSwiftUpdateCheck = 0730;
				LastUpgradeCheck = 0800;
				ORGANIZATIONNAME = SmartDev;
				TargetAttributes = {
					926289961D7F7F4C00F253FF = {
						CreatedOnToolsVersion = 7.3.1;
						DevelopmentTeam = 6GD9JZZRM4;
						LastSwiftMigration = 0800;
					};
					926289AE1D7F7F4D00F253FF = {
						CreatedOnToolsVersion = 7.3.1;
						LastSwiftMigration = 0800;
						TestTargetID = 926289961D7F7F4C00F253FF;
					};
					926289B91D7F7F4D00F253FF = {
						CreatedOnToolsVersion = 7.3.1;
						LastSwiftMigration = 0800;
						TestTargetID = 926289961D7F7F4C00F253FF;
					};
				};
			};
			buildConfigurationList = 926289921D7F7F4C00F253FF /* Build configuration list for PBXProject "Sia&Apao" */;
			compatibilityVersion = "Xcode 3.2";
			developmentRegion = English;
			hasScannedForEncodings = 0;
			knownRegions = (
				en,
				Base,
			);
			mainGroup = 9262898E1D7F7F4C00F253FF;
			productRefGroup = 926289981D7F7F4C00F253FF /* Products */;
			projectDirPath = "";
			projectRoot = "";
			targets = (
				926289961D7F7F4C00F253FF /* SiaoApao */,
				926289AE1D7F7F4D00F253FF /* SiaoApaoTests */,
				926289B91D7F7F4D00F253FF /* SiaoApaoUITests */,
			);
		};
/* End PBXProject section */

/* Begin PBXResourcesBuildPhase section */
		926289951D7F7F4C00F253FF /* Resources */ = {
			isa = PBXResourcesBuildPhase;
			buildActionMask = 2147483647;
			files = (
				924012A61D8264E5005B4087 /* SASurfScene.sks in Resources */,
				9242DC411DAB18F000868886 /* brush.wav in Resources */,
				927AF5C21D98C18C00BB8212 /* walk.wav in Resources */,
				924F68B91DA205F900CC8DDD /* tired.wav in Resources */,
				F2B66E961D81227500652249 /* SAMenuGamesViewController.xib in Resources */,
				926289A91D7F7F4D00F253FF /* LaunchScreen.storyboard in Resources */,
				9241096E1D828FF0009523F9 /* SABookScene.sks in Resources */,
				9242DC371DA9E0D500868886 /* SAEndScene.sks in Resources */,
				F2AB0B9C1DA4BDCB00A78260 /* MyriadPro-Regular.otf in Resources */,
				92CEFE731D825A7500F04105 /* SADayAndNightScene.sks in Resources */,
				923912E41D827A5F000FC33C /* SAPuppetScene.sks in Resources */,
				F272BBBD1D82677C003E55D1 /* SASceneGlobes.sks in Resources */,
				F2D602011D7FE5A2006B2AE7 /* SAMenuCharactersViewController.xib in Resources */,
				9242DC341DA9DBBA00868886 /* SAMoonSleepScene.sks in Resources */,
				926289A61D7F7F4D00F253FF /* Assets.xcassets in Resources */,
				927AF5C01D98B6CE00BB8212 /* liquid.wav in Resources */,
				F220ED801D7F981700D98278 /* MainViewController.xib in Resources */,
				923912EE1D828829000FC33C /* SACarpetScene.sks in Resources */,
				9242DC2A1DA9D56F00868886 /* SAKissBedScene.sks in Resources */,
				9242DC2D1DA9D94D00868886 /* SASwitchScene.sks in Resources */,
				924E1CF21D826F4600A50AA0 /* SAPortraitScene.sks in Resources */,
				F2D601FA1D7FE493006B2AE7 /* SAMenuStoriesViewController.xib in Resources */,
				923912EC1D828409000FC33C /* SALivingRoomScene.sks in Resources */,
				F2AB0B9B1DA4BDCB00A78260 /* MyriadPro-Black.otf in Resources */,
				F2008F601D828D3B0056A22B /* ToothbrushScene.sks in Resources */,
				928FBF1D1DA774B100664630 /* hey.wav in Resources */,
				9242DC3B1DA9E1AC00868886 /* dance.wav in Resources */,
				927AF5BC1D9897FE00BB8212 /* wave.wav in Resources */,
				927AF5BA1D9897DE00BB8212 /* zipper.wav in Resources */,
				F220ED791D7F975600D98278 /* MenuViewController.xib in Resources */,
				9205CE291D82951D00CC06F0 /* SAFishbowlScene.sks in Resources */,
				921D07C41DA2026A00A4FC39 /* laughing.wav in Resources */,
				928FBF1F1DA77AF900664630 /* pop.wav in Resources */,
				F2008F671D8295380056A22B /* SABearinBedScene.sks in Resources */,
			);
			runOnlyForDeploymentPostprocessing = 0;
		};
		926289AD1D7F7F4D00F253FF /* Resources */ = {
			isa = PBXResourcesBuildPhase;
			buildActionMask = 2147483647;
			files = (
			);
			runOnlyForDeploymentPostprocessing = 0;
		};
		926289B81D7F7F4D00F253FF /* Resources */ = {
			isa = PBXResourcesBuildPhase;
			buildActionMask = 2147483647;
			files = (
			);
			runOnlyForDeploymentPostprocessing = 0;
		};
/* End PBXResourcesBuildPhase section */

/* Begin PBXSourcesBuildPhase section */
		926289931D7F7F4C00F253FF /* Sources */ = {
			isa = PBXSourcesBuildPhase;
			buildActionMask = 2147483647;
			files = (
				F272BBBF1D8267AC003E55D1 /* SASceneGlobes.swift in Sources */,
				F2B66E991D8126AF00652249 /* SALabel.swift in Sources */,
				F2B66E951D81227500652249 /* SAMenuGamesViewController.swift in Sources */,
				9242DC271DA9D4D100868886 /* SAKissBedScene.swift in Sources */,
				F220ED7F1D7F981700D98278 /* MainViewController.swift in Sources */,
				9242E1B51D80538C0025A172 /* SASheetViewController.swift in Sources */,
				9242DC2F1DA9DA3000868886 /* SASwitchScene.swift in Sources */,
				F2D601F91D7FE493006B2AE7 /* SAMenuStoriesViewController.swift in Sources */,
				F220ED6F1D7F935500D98278 /* view.swift in Sources */,
				F2AA72F21D827F7300C2B314 /* SABaseScene.swift in Sources */,
				92841DDC1D8F2AC100735AC8 /* SKTexture+Gradient.swift in Sources */,
				F2008F5E1D828D2E0056A22B /* ToothbrushScene.swift in Sources */,
				F2D601FD1D7FE4F3006B2AE7 /* BaseViewController.swift in Sources */,
				F220ED6D1D7F934E00D98278 /* model.swift in Sources */,
				F220ED781D7F975600D98278 /* MenuViewController.swift in Sources */,
				92CEFE751D825A9000F04105 /* SADayAndNightScene.swift in Sources */,
				9242DC3F1DAAD56A00868886 /* CGFloat+Action.swift in Sources */,
				9241096C1D828FB1009523F9 /* SABookScene.swift in Sources */,
				F2008F651D82951D0056A22B /* SABearinBedScene.swift in Sources */,
				924E1CEC1D826EAF00A50AA0 /* SAPortraitScene.swift in Sources */,
				923912F01D8288E1000FC33C /* SACarpetScene.swift in Sources */,
				F2D602001D7FE5A2006B2AE7 /* SAMenuCharactersViewController.swift in Sources */,
				927AF5B71D98639400BB8212 /* SKAction+Custom.swift in Sources */,
				F2B9F40C1DA6239C00B94545 /* MKOutlinedLabelNode.swift in Sources */,
				924012A81D8265C6005B4087 /* SASurfScene.swift in Sources */,
				F2D602041D7FE87D006B2AE7 /* SAMenuFlowController.swift in Sources */,
				9242DC321DA9DB3E00868886 /* SAMoonSleepScene.swift in Sources */,
				923912EA1D8283D7000FC33C /* SALivingRoomScene.swift in Sources */,
				F2B66E9B1D812E3B00652249 /* SAMenuGamesFlowController.swift in Sources */,
				9205CE2B1D82953D00CC06F0 /* SAFishbowlScene.swift in Sources */,
				F220ED711D7F936200D98278 /* library.swift in Sources */,
				F220ED751D7F939D00D98278 /* asset.swift in Sources */,
				9242DC3D1DAAAAFC00868886 /* SKNode+Aspect.swift in Sources */,
				9262899B1D7F7F4D00F253FF /* AppDelegate.swift in Sources */,
				F220ED691D7F8C6B00D98278 /* Constants.swift in Sources */,
				923912E61D827A80000FC33C /* SAPuppetScene.swift in Sources */,
				92841DDE1D8F817A00735AC8 /* SKScene+CommonOperations.swift in Sources */,
				F2D602061D7FEA8A006B2AE7 /* SAMenuStoriesFlowController.swift in Sources */,
				9242DC391DA9E0ED00868886 /* SAEndScene.swift in Sources */,
				F220ED731D7F938900D98278 /* helpers.swift in Sources */,
			);
			runOnlyForDeploymentPostprocessing = 0;
		};
		926289AB1D7F7F4D00F253FF /* Sources */ = {
			isa = PBXSourcesBuildPhase;
			buildActionMask = 2147483647;
			files = (
				926289B41D7F7F4D00F253FF /* SiaoApaoTests.swift in Sources */,
			);
			runOnlyForDeploymentPostprocessing = 0;
		};
		926289B61D7F7F4D00F253FF /* Sources */ = {
			isa = PBXSourcesBuildPhase;
			buildActionMask = 2147483647;
			files = (
				926289BF1D7F7F4D00F253FF /* SiaoApaoUITests.swift in Sources */,
			);
			runOnlyForDeploymentPostprocessing = 0;
		};
/* End PBXSourcesBuildPhase section */

/* Begin PBXTargetDependency section */
		926289B11D7F7F4D00F253FF /* PBXTargetDependency */ = {
			isa = PBXTargetDependency;
			target = 926289961D7F7F4C00F253FF /* SiaoApao */;
			targetProxy = 926289B01D7F7F4D00F253FF /* PBXContainerItemProxy */;
		};
		926289BC1D7F7F4D00F253FF /* PBXTargetDependency */ = {
			isa = PBXTargetDependency;
			target = 926289961D7F7F4C00F253FF /* SiaoApao */;
			targetProxy = 926289BB1D7F7F4D00F253FF /* PBXContainerItemProxy */;
		};
/* End PBXTargetDependency section */

/* Begin PBXVariantGroup section */
		926289A71D7F7F4D00F253FF /* LaunchScreen.storyboard */ = {
			isa = PBXVariantGroup;
			children = (
				926289A81D7F7F4D00F253FF /* Base */,
			);
			name = LaunchScreen.storyboard;
			sourceTree = "<group>";
		};
/* End PBXVariantGroup section */

/* Begin XCBuildConfiguration section */
		926289C11D7F7F4D00F253FF /* Debug */ = {
			isa = XCBuildConfiguration;
			buildSettings = {
				ALWAYS_SEARCH_USER_PATHS = NO;
				CLANG_ANALYZER_NONNULL = YES;
				CLANG_CXX_LANGUAGE_STANDARD = "gnu++0x";
				CLANG_CXX_LIBRARY = "libc++";
				CLANG_ENABLE_MODULES = YES;
				CLANG_ENABLE_OBJC_ARC = YES;
				CLANG_WARN_BOOL_CONVERSION = YES;
				CLANG_WARN_CONSTANT_CONVERSION = YES;
				CLANG_WARN_DIRECT_OBJC_ISA_USAGE = YES_ERROR;
				CLANG_WARN_EMPTY_BODY = YES;
				CLANG_WARN_ENUM_CONVERSION = YES;
				CLANG_WARN_INFINITE_RECURSION = YES;
				CLANG_WARN_INT_CONVERSION = YES;
				CLANG_WARN_OBJC_ROOT_CLASS = YES_ERROR;
				CLANG_WARN_SUSPICIOUS_MOVE = YES;
				CLANG_WARN_UNREACHABLE_CODE = YES;
				CLANG_WARN__DUPLICATE_METHOD_MATCH = YES;
				COPY_PHASE_STRIP = NO;
				DEBUG_INFORMATION_FORMAT = "dwarf-with-dsym";
				ENABLE_STRICT_OBJC_MSGSEND = YES;
				ENABLE_TESTABILITY = YES;
				GCC_C_LANGUAGE_STANDARD = gnu99;
				GCC_DYNAMIC_NO_PIC = NO;
				GCC_NO_COMMON_BLOCKS = YES;
				GCC_OPTIMIZATION_LEVEL = 0;
				GCC_PREPROCESSOR_DEFINITIONS = (
					"DEBUG=1",
					"$(inherited)",
				);
				GCC_WARN_64_TO_32_BIT_CONVERSION = YES;
				GCC_WARN_ABOUT_RETURN_TYPE = YES_ERROR;
				GCC_WARN_UNDECLARED_SELECTOR = YES;
				GCC_WARN_UNINITIALIZED_AUTOS = YES_AGGRESSIVE;
				GCC_WARN_UNUSED_FUNCTION = YES;
				GCC_WARN_UNUSED_VARIABLE = YES;
				IPHONEOS_DEPLOYMENT_TARGET = 9.3;
				MTL_ENABLE_DEBUG_INFO = YES;
				ONLY_ACTIVE_ARCH = YES;
				SDKROOT = iphoneos;
				SWIFT_OPTIMIZATION_LEVEL = "-Onone";
				TARGETED_DEVICE_FAMILY = 2;
			};
			name = Debug;
		};
		926289C21D7F7F4D00F253FF /* Release */ = {
			isa = XCBuildConfiguration;
			buildSettings = {
				ALWAYS_SEARCH_USER_PATHS = NO;
				CLANG_ANALYZER_NONNULL = YES;
				CLANG_CXX_LANGUAGE_STANDARD = "gnu++0x";
				CLANG_CXX_LIBRARY = "libc++";
				CLANG_ENABLE_MODULES = YES;
				CLANG_ENABLE_OBJC_ARC = YES;
				CLANG_WARN_BOOL_CONVERSION = YES;
				CLANG_WARN_CONSTANT_CONVERSION = YES;
				CLANG_WARN_DIRECT_OBJC_ISA_USAGE = YES_ERROR;
				CLANG_WARN_EMPTY_BODY = YES;
				CLANG_WARN_ENUM_CONVERSION = YES;
				CLANG_WARN_INFINITE_RECURSION = YES;
				CLANG_WARN_INT_CONVERSION = YES;
				CLANG_WARN_OBJC_ROOT_CLASS = YES_ERROR;
				CLANG_WARN_SUSPICIOUS_MOVE = YES;
				CLANG_WARN_UNREACHABLE_CODE = YES;
				CLANG_WARN__DUPLICATE_METHOD_MATCH = YES;
				COPY_PHASE_STRIP = NO;
				DEBUG_INFORMATION_FORMAT = "dwarf-with-dsym";
				ENABLE_NS_ASSERTIONS = NO;
				ENABLE_STRICT_OBJC_MSGSEND = YES;
				GCC_C_LANGUAGE_STANDARD = gnu99;
				GCC_NO_COMMON_BLOCKS = YES;
				GCC_WARN_64_TO_32_BIT_CONVERSION = YES;
				GCC_WARN_ABOUT_RETURN_TYPE = YES_ERROR;
				GCC_WARN_UNDECLARED_SELECTOR = YES;
				GCC_WARN_UNINITIALIZED_AUTOS = YES_AGGRESSIVE;
				GCC_WARN_UNUSED_FUNCTION = YES;
				GCC_WARN_UNUSED_VARIABLE = YES;
				IPHONEOS_DEPLOYMENT_TARGET = 9.3;
				MTL_ENABLE_DEBUG_INFO = NO;
				SDKROOT = iphoneos;
				SWIFT_OPTIMIZATION_LEVEL = "-Owholemodule";
				TARGETED_DEVICE_FAMILY = 2;
				VALIDATE_PRODUCT = YES;
			};
			name = Release;
		};
		926289C41D7F7F4D00F253FF /* Debug */ = {
			isa = XCBuildConfiguration;
			buildSettings = {
				ASSETCATALOG_COMPILER_APPICON_NAME = AppIcon;
				CODE_SIGN_IDENTITY = "iPhone Developer";
				INFOPLIST_FILE = SiaoApao/Info.plist;
				LD_RUNPATH_SEARCH_PATHS = "$(inherited) @executable_path/Frameworks";
				PRODUCT_BUNDLE_IDENTIFIER = com.smartthinking.SiaoApao;
				PRODUCT_NAME = "$(TARGET_NAME)";
				PROVISIONING_PROFILE = "";
				SWIFT_VERSION = 3.0;
			};
			name = Debug;
		};
		926289C51D7F7F4D00F253FF /* Release */ = {
			isa = XCBuildConfiguration;
			buildSettings = {
				ASSETCATALOG_COMPILER_APPICON_NAME = AppIcon;
				CODE_SIGN_IDENTITY = "iPhone Developer";
				INFOPLIST_FILE = SiaoApao/Info.plist;
				LD_RUNPATH_SEARCH_PATHS = "$(inherited) @executable_path/Frameworks";
				PRODUCT_BUNDLE_IDENTIFIER = com.smartthinking.SiaoApao;
				PRODUCT_NAME = "$(TARGET_NAME)";
				PROVISIONING_PROFILE = "";
				SWIFT_VERSION = 3.0;
			};
			name = Release;
		};
		926289C71D7F7F4D00F253FF /* Debug */ = {
			isa = XCBuildConfiguration;
			buildSettings = {
				BUNDLE_LOADER = "$(TEST_HOST)";
				DEBUG_INFORMATION_FORMAT = dwarf;
				INFOPLIST_FILE = SiaoApaoTests/Info.plist;
				LD_RUNPATH_SEARCH_PATHS = "$(inherited) @executable_path/Frameworks @loader_path/Frameworks";
				PRODUCT_BUNDLE_IDENTIFIER = Home.SiaoApaoTests;
				PRODUCT_NAME = "$(TARGET_NAME)";
				SWIFT_VERSION = 3.0;
				TEST_HOST = "$(BUILT_PRODUCTS_DIR)/SiaoApao.app/SiaoApao";
			};
			name = Debug;
		};
		926289C81D7F7F4D00F253FF /* Release */ = {
			isa = XCBuildConfiguration;
			buildSettings = {
				BUNDLE_LOADER = "$(TEST_HOST)";
				INFOPLIST_FILE = SiaoApaoTests/Info.plist;
				LD_RUNPATH_SEARCH_PATHS = "$(inherited) @executable_path/Frameworks @loader_path/Frameworks";
				PRODUCT_BUNDLE_IDENTIFIER = Home.SiaoApaoTests;
				PRODUCT_NAME = "$(TARGET_NAME)";
				SWIFT_VERSION = 3.0;
				TEST_HOST = "$(BUILT_PRODUCTS_DIR)/SiaoApao.app/SiaoApao";
			};
			name = Release;
		};
		926289CA1D7F7F4D00F253FF /* Debug */ = {
			isa = XCBuildConfiguration;
			buildSettings = {
				DEBUG_INFORMATION_FORMAT = dwarf;
				INFOPLIST_FILE = SiaoApaoUITests/Info.plist;
				LD_RUNPATH_SEARCH_PATHS = "$(inherited) @executable_path/Frameworks @loader_path/Frameworks";
				PRODUCT_BUNDLE_IDENTIFIER = Home.SiaoApaoUITests;
				PRODUCT_NAME = "$(TARGET_NAME)";
				SWIFT_VERSION = 3.0;
				TEST_TARGET_NAME = SiaoApao;
			};
			name = Debug;
		};
		926289CB1D7F7F4D00F253FF /* Release */ = {
			isa = XCBuildConfiguration;
			buildSettings = {
				INFOPLIST_FILE = SiaoApaoUITests/Info.plist;
				LD_RUNPATH_SEARCH_PATHS = "$(inherited) @executable_path/Frameworks @loader_path/Frameworks";
				PRODUCT_BUNDLE_IDENTIFIER = Home.SiaoApaoUITests;
				PRODUCT_NAME = "$(TARGET_NAME)";
				SWIFT_VERSION = 3.0;
				TEST_TARGET_NAME = SiaoApao;
			};
			name = Release;
		};
/* End XCBuildConfiguration section */

/* Begin XCConfigurationList section */
		926289921D7F7F4C00F253FF /* Build configuration list for PBXProject "Sia&Apao" */ = {
			isa = XCConfigurationList;
			buildConfigurations = (
				926289C11D7F7F4D00F253FF /* Debug */,
				926289C21D7F7F4D00F253FF /* Release */,
			);
			defaultConfigurationIsVisible = 0;
			defaultConfigurationName = Release;
		};
		926289C31D7F7F4D00F253FF /* Build configuration list for PBXNativeTarget "SiaoApao" */ = {
			isa = XCConfigurationList;
			buildConfigurations = (
				926289C41D7F7F4D00F253FF /* Debug */,
				926289C51D7F7F4D00F253FF /* Release */,
			);
			defaultConfigurationIsVisible = 0;
			defaultConfigurationName = Release;
		};
		926289C61D7F7F4D00F253FF /* Build configuration list for PBXNativeTarget "SiaoApaoTests" */ = {
			isa = XCConfigurationList;
			buildConfigurations = (
				926289C71D7F7F4D00F253FF /* Debug */,
				926289C81D7F7F4D00F253FF /* Release */,
			);
			defaultConfigurationIsVisible = 0;
			defaultConfigurationName = Release;
		};
		926289C91D7F7F4D00F253FF /* Build configuration list for PBXNativeTarget "SiaoApaoUITests" */ = {
			isa = XCConfigurationList;
			buildConfigurations = (
				926289CA1D7F7F4D00F253FF /* Debug */,
				926289CB1D7F7F4D00F253FF /* Release */,
			);
			defaultConfigurationIsVisible = 0;
			defaultConfigurationName = Release;
		};
/* End XCConfigurationList section */
	};
	rootObject = 9262898F1D7F7F4C00F253FF /* Project object */;
}
